
Microsoft Visual Studio Solution File, Format Version 12.00
# Visual Studio Version 17
VisualStudioVersion = 17.3.32819.101
MinimumVisualStudioVersion = 10.0.40219.1
Project("{FAE04EC0-301F-11D3-BF4B-00C04F79EFBC}") = "SG de Productos", "SG de Productos\SG de Productos.csproj", "{7D0880BF-6471-4805-BFA7-324751D6F654}"
EndProject
Global
	GlobalSection(SolutionConfigurationPlatforms) = preSolution
		Debug|Any CPU = Debug|Any CPU
		Release|Any CPU = Release|Any CPU
	EndGlobalSection
	GlobalSection(ProjectConfigurationPlatforms) = postSolution
		{7D0880BF-6471-4805-BFA7-324751D6F654}.Debug|Any CPU.ActiveCfg = Debug|Any CPU
		{7D0880BF-6471-4805-BFA7-324751D6F654}.Debug|Any CPU.Build.0 = Debug|Any CPU
		{7D0880BF-6471-4805-BFA7-324751D6F654}.Release|Any CPU.ActiveCfg = Release|Any CPU
		{7D0880BF-6471-4805-BFA7-324751D6F654}.Release|Any CPU.Build.0 = Release|Any CPU
	EndGlobalSection
	GlobalSection(SolutionProperties) = preSolution
		HideSolutionNode = FALSE
	EndGlobalSection
	GlobalSection(ExtensibilityGlobals) = postSolution
		SolutionGuid = {C501C1A7-694D-42FF-A578-98F61F0B1246}
	EndGlobalSection
EndGlobal
